
Microsoft Visual Studio Solution File, Format Version 12.00
# Visual Studio Version 16
VisualStudioVersion = 16.0.30225.117
MinimumVisualStudioVersion = 10.0.40219.1
Project("{8BC9CEB8-8B4A-11D0-8D11-00A0C91BC942}") = "RegJump2", "RegJump2\RegJump2.vcxproj", "{C67E28CC-F20A-4DBD-A986-D38D7527FC88}"
EndProject
Global
	GlobalSection(SolutionConfigurationPlatforms) = preSolution
		Debug|x64 = Debug|x64
		Debug|x86 = Debug|x86
		Release|x64 = Release|x64
		Release|x86 = Release|x86
	EndGlobalSection
	GlobalSection(ProjectConfigurationPlatforms) = postSolution
		{C67E28CC-F20A-4DBD-A986-D38D7527FC88}.Debug|x64.ActiveCfg = Debug|x64
		{C67E28CC-F20A-4DBD-A986-D38D7527FC88}.Debug|x64.Build.0 = Debug|x64
		{C67E28CC-F20A-4DBD-A986-D38D7527FC88}.Debug|x86.ActiveCfg = Debug|Win32
		{C67E28CC-F20A-4DBD-A986-D38D7527FC88}.Debug|x86.Build.0 = Debug|Win32
		{C67E28CC-F20A-4DBD-A986-D38D7527FC88}.Release|x64.ActiveCfg = Release|x64
		{C67E28CC-F20A-4DBD-A986-D38D7527FC88}.Release|x64.Build.0 = Release|x64
		{C67E28CC-F20A-4DBD-A986-D38D7527FC88}.Release|x86.ActiveCfg = Release|Win32
		{C67E28CC-F20A-4DBD-A986-D38D7527FC88}.Release|x86.Build.0 = Release|Win32
	EndGlobalSection
	GlobalSection(SolutionProperties) = preSolution
		HideSolutionNode = FALSE
	EndGlobalSection
	GlobalSection(ExtensibilityGlobals) = postSolution
		SolutionGuid = {A90D1F5A-8B76-48D2-9283-8EC7524A40A6}
	EndGlobalSection
EndGlobal
